
Microsoft Visual Studio Solution File, Format Version 12.00
# Visual Studio 14
VisualStudioVersion = 14.0.25420.1
MinimumVisualStudioVersion = 10.0.40219.1
Project("{FAE04EC0-301F-11D3-BF4B-00C04F79EFBC}") = "NeuralNetwork", "NeuralNetwork\NeuralNetwork.csproj", "{A506D497-5B2D-4AF4-B86B-14B922D92287}"
EndProject
Project("{FAE04EC0-301F-11D3-BF4B-00C04F79EFBC}") = "NeuralNetworkApp", "NeuralNetworkApp\NeuralNetworkApp.csproj", "{0D6E86E3-6766-40D5-9170-B754C92B9B7A}"
EndProject
Global
	GlobalSection(SolutionConfigurationPlatforms) = preSolution
		Debug|Any CPU = Debug|Any CPU
		Release|Any CPU = Release|Any CPU
	EndGlobalSection
	GlobalSection(ProjectConfigurationPlatforms) = postSolution
		{A506D497-5B2D-4AF4-B86B-14B922D92287}.Debug|Any CPU.ActiveCfg = Debug|Any CPU
		{A506D497-5B2D-4AF4-B86B-14B922D92287}.Debug|Any CPU.Build.0 = Debug|Any CPU
		{A506D497-5B2D-4AF4-B86B-14B922D92287}.Release|Any CPU.ActiveCfg = Release|Any CPU
		{A506D497-5B2D-4AF4-B86B-14B922D92287}.Release|Any CPU.Build.0 = Release|Any CPU
		{0D6E86E3-6766-40D5-9170-B754C92B9B7A}.Debug|Any CPU.ActiveCfg = Debug|Any CPU
		{0D6E86E3-6766-40D5-9170-B754C92B9B7A}.Debug|Any CPU.Build.0 = Debug|Any CPU
		{0D6E86E3-6766-40D5-9170-B754C92B9B7A}.Release|Any CPU.ActiveCfg = Release|Any CPU
		{0D6E86E3-6766-40D5-9170-B754C92B9B7A}.Release|Any CPU.Build.0 = Release|Any CPU
	EndGlobalSection
	GlobalSection(SolutionProperties) = preSolution
		HideSolutionNode = FALSE
	EndGlobalSection
EndGlobal
